<Solution>
  <Project Path="PtkContainmentTestFixture/PtkContainmentTestFixture.csproj" />
  <Project Path="PtkMcpServer.Tests/PtkMcpServer.Tests.csproj" />
  <Project Path="PtkMcpServer/PtkMcpServer.csproj" />
  <Project Path="PtkAuditAdmin/PtkAuditAdmin.csproj" />
  <Project Path="PtkRtkTestFixture/PtkRtkTestFixture.csproj" />
</Solution>
